
Microsoft Visual Studio Solution File, Format Version 12.00
# Visual Studio Version 17
VisualStudioVersion = 17.8.34330.188
MinimumVisualStudioVersion = 10.0.40219.1
Project("{FAE04EC0-301F-11D3-BF4B-00C04F79EFBC}") = "EMS", "EMS.csproj", "{81F9DC1B-E611-49B1-9E44-8CBD9D90C4BC}"
EndProject
Global
	GlobalSection(SolutionConfigurationPlatforms) = preSolution
		Debug|Any CPU = Debug|Any CPU
		Release|Any CPU = Release|Any CPU
	EndGlobalSection
	GlobalSection(ProjectConfigurationPlatforms) = postSolution
		{81F9DC1B-E611-49B1-9E44-8CBD9D90C4BC}.Debug|Any CPU.ActiveCfg = Debug|Any CPU
		{81F9DC1B-E611-49B1-9E44-8CBD9D90C4BC}.Debug|Any CPU.Build.0 = Debug|Any CPU
		{81F9DC1B-E611-49B1-9E44-8CBD9D90C4BC}.Release|Any CPU.ActiveCfg = Release|Any CPU
		{81F9DC1B-E611-49B1-9E44-8CBD9D90C4BC}.Release|Any CPU.Build.0 = Release|Any CPU
	EndGlobalSection
	GlobalSection(SolutionProperties) = preSolution
		HideSolutionNode = FALSE
	EndGlobalSection
	GlobalSection(ExtensibilityGlobals) = postSolution
		SolutionGuid = {8058F384-9B1A-4AEC-8B86-AA94A1654AC1}
	EndGlobalSection
EndGlobal
